# THIS IS AN AUTOGENERATED FILE. DO NOT EDIT THIS FILE DIRECTLY.
# yarn lockfile v1


axios-mock-adapter@^1.21.1:
  version "1.21.1"
  resolved "http://localhost:4873/axios-mock-adapter/-/axios-mock-adapter-1.21.1.tgz#efe7e46ad1b0d2acd72188afa91c5720660777b3"
  integrity sha1-7+fkatGw0qzXIYivqRxXIGYHd7M=
  dependencies:
    fast-deep-equal "^3.1.3"
    is-buffer "^2.0.5"

fast-deep-equal@^3.1.3:
  version "3.1.3"
  resolved "http://localhost:4873/fast-deep-equal/-/fast-deep-equal-3.1.3.tgz#3a7d56b559d6cbc3eb512325244e619a65c6c525"
  integrity sha1-On1WtVnWy8PrUSMlJE5hmmXGxSU=

is-buffer@^2.0.5:
  version "2.0.5"
  resolved "http://localhost:4873/is-buffer/-/is-buffer-2.0.5.tgz#ebc252e400d22ff8d77fa09888821a24a658c191"
  integrity sha1-68JS5ADSL/jXf6CYiIIaJKZYwZE=
